
Microsoft Visual Studio Solution File, Format Version 12.00
# Visual Studio Version 16
VisualStudioVersion = 16.0.30104.148
MinimumVisualStudioVersion = 10.0.40219.1
Project("{8BC9CEB8-8B4A-11D0-8D11-00A0C91BC942}") = "hw3d_tesla", "hw3d_tesla\hw3d_tesla.vcxproj", "{1D8A76E3-F101-41BF-8710-378C3C41174C}"
EndProject
Global
	GlobalSection(SolutionConfigurationPlatforms) = preSolution
		Debug|x64 = Debug|x64
		Debug|x86 = Debug|x86
		Release|x64 = Release|x64
		Release|x86 = Release|x86
	EndGlobalSection
	GlobalSection(ProjectConfigurationPlatforms) = postSolution
		{1D8A76E3-F101-41BF-8710-378C3C41174C}.Debug|x64.ActiveCfg = Debug|x64
		{1D8A76E3-F101-41BF-8710-378C3C41174C}.Debug|x64.Build.0 = Debug|x64
		{1D8A76E3-F101-41BF-8710-378C3C41174C}.Debug|x86.ActiveCfg = Debug|Win32
		{1D8A76E3-F101-41BF-8710-378C3C41174C}.Debug|x86.Build.0 = Debug|Win32
		{1D8A76E3-F101-41BF-8710-378C3C41174C}.Release|x64.ActiveCfg = Release|x64
		{1D8A76E3-F101-41BF-8710-378C3C41174C}.Release|x64.Build.0 = Release|x64
		{1D8A76E3-F101-41BF-8710-378C3C41174C}.Release|x86.ActiveCfg = Release|Win32
		{1D8A76E3-F101-41BF-8710-378C3C41174C}.Release|x86.Build.0 = Release|Win32
	EndGlobalSection
	GlobalSection(SolutionProperties) = preSolution
		HideSolutionNode = FALSE
	EndGlobalSection
	GlobalSection(ExtensibilityGlobals) = postSolution
		SolutionGuid = {B4133A9D-133A-4039-A7C8-334C42FD8C16}
	EndGlobalSection
EndGlobal
